
Microsoft Visual Studio Solution File, Format Version 12.00
Project("{FAE04EC0-301F-11D3-BF4B-00C04F79EFBC}") = "FindTheSymmetricDifference", "FindTheSymmetricDifference\FindTheSymmetricDifference.csproj", "{528F47D3-22E7-4939-8AB8-B3286A348ECE}"
EndProject
Global
	GlobalSection(SolutionConfigurationPlatforms) = preSolution
		Debug|Any CPU = Debug|Any CPU
		Release|Any CPU = Release|Any CPU
	EndGlobalSection
	GlobalSection(ProjectConfigurationPlatforms) = postSolution
		{528F47D3-22E7-4939-8AB8-B3286A348ECE}.Debug|Any CPU.ActiveCfg = Debug|Any CPU
		{528F47D3-22E7-4939-8AB8-B3286A348ECE}.Debug|Any CPU.Build.0 = Debug|Any CPU
		{528F47D3-22E7-4939-8AB8-B3286A348ECE}.Release|Any CPU.ActiveCfg = Release|Any CPU
		{528F47D3-22E7-4939-8AB8-B3286A348ECE}.Release|Any CPU.Build.0 = Release|Any CPU
	EndGlobalSection
EndGlobal
