
Microsoft Visual Studio Solution File, Format Version 12.00
Project("{FAE04EC0-301F-11D3-BF4B-00C04F79EFBC}") = "ReturnTheRemainder", "ReturnTheRemainder\ReturnTheRemainder.csproj", "{FFD734FD-8372-4BB3-9DE1-84CD1FAD90A7}"
EndProject
Global
	GlobalSection(SolutionConfigurationPlatforms) = preSolution
		Debug|Any CPU = Debug|Any CPU
		Release|Any CPU = Release|Any CPU
	EndGlobalSection
	GlobalSection(ProjectConfigurationPlatforms) = postSolution
		{FFD734FD-8372-4BB3-9DE1-84CD1FAD90A7}.Debug|Any CPU.ActiveCfg = Debug|Any CPU
		{FFD734FD-8372-4BB3-9DE1-84CD1FAD90A7}.Debug|Any CPU.Build.0 = Debug|Any CPU
		{FFD734FD-8372-4BB3-9DE1-84CD1FAD90A7}.Release|Any CPU.ActiveCfg = Release|Any CPU
		{FFD734FD-8372-4BB3-9DE1-84CD1FAD90A7}.Release|Any CPU.Build.0 = Release|Any CPU
	EndGlobalSection
EndGlobal
